{
  "name": "haosj",
  "version": "0.1.0",
  "lockfileVersion": 2,
  "requires": true,
  "packages": {
    "": {
      "name": "haosj",
      "version": "0.1.0",
      "license": "MIT",
      "dependencies": {
        "@types/node": "^16.7.1"
      },
      "engines": {
        "node": ">= 15"
      }
    },
    "node_modules/@types/node": {
      "version": "16.7.1",
      "resolved": "https://registry.npmjs.org/@types/node/-/node-16.7.1.tgz",
      "integrity": "sha512-ncRdc45SoYJ2H4eWU9ReDfp3vtFqDYhjOsKlFFUDEn8V1Bgr2RjYal8YT5byfadWIRluhPFU6JiDOl0H6Sl87A=="
    }
  },
  "dependencies": {
    "@types/node": {
      "version": "16.7.1",
      "resolved": "https://registry.npmjs.org/@types/node/-/node-16.7.1.tgz",
      "integrity": "sha512-ncRdc45SoYJ2H4eWU9ReDfp3vtFqDYhjOsKlFFUDEn8V1Bgr2RjYal8YT5byfadWIRluhPFU6JiDOl0H6Sl87A=="
    }
  }
}
